// !$*UTF8*$!
{
	archiveVersion = 1;
	classes = {
	};
	objectVersion = 56;
	objects = {

/* Begin PBXBuildFile section */
		952354A72B7AED8000C6D504 /* HomeViewModel.swift in Sources */ = {isa = PBXBuildFile; fileRef = 9523549E2B7AED8000C6D504 /* HomeViewModel.swift */; };
		952354A82B7AED8000C6D504 /* ChatTableViewCellViewModel.swift in Sources */ = {isa = PBXBuildFile; fileRef = 9523549F2B7AED8000C6D504 /* ChatTableViewCellViewModel.swift */; };
		952354A92B7AED8000C6D504 /* SearchViewModel.swift in Sources */ = {isa = PBXBuildFile; fileRef = 952354A02B7AED8000C6D504 /* SearchViewModel.swift */; };
		952354AA2B7AED8000C6D504 /* MessagesViewModel.swift in Sources */ = {isa = PBXBuildFile; fileRef = 952354A12B7AED8000C6D504 /* MessagesViewModel.swift */; };
		952354AC2B7AED8000C6D504 /* MessageTableViewCellViewModel.swift in Sources */ = {isa = PBXBuildFile; fileRef = 952354A32B7AED8000C6D504 /* MessageTableViewCellViewModel.swift */; };
		952354AD2B7AED8000C6D504 /* ProfileViewModel.swift in Sources */ = {isa = PBXBuildFile; fileRef = 952354A42B7AED8000C6D504 /* ProfileViewModel.swift */; };
		952354AE2B7AED8000C6D504 /* RegisterViewModel.swift in Sources */ = {isa = PBXBuildFile; fileRef = 952354A52B7AED8000C6D504 /* RegisterViewModel.swift */; };
		952354C72B7AEDC400C6D504 /* ChatsTableView.swift in Sources */ = {isa = PBXBuildFile; fileRef = 952354BB2B7AEDC400C6D504 /* ChatsTableView.swift */; };
		952354C82B7AEDC400C6D504 /* SearchView.swift in Sources */ = {isa = PBXBuildFile; fileRef = 952354BC2B7AEDC400C6D504 /* SearchView.swift */; };
		952354C92B7AEDC400C6D504 /* ProfileView.swift in Sources */ = {isa = PBXBuildFile; fileRef = 952354BD2B7AEDC400C6D504 /* ProfileView.swift */; };
		952354CB2B7AEDC400C6D504 /* HomeView.swift in Sources */ = {isa = PBXBuildFile; fileRef = 952354BF2B7AEDC400C6D504 /* HomeView.swift */; };
		952354CC2B7AEDC400C6D504 /* ChatsTableViewCell.swift in Sources */ = {isa = PBXBuildFile; fileRef = 952354C02B7AEDC400C6D504 /* ChatsTableViewCell.swift */; };
		952354CE2B7AEDC400C6D504 /* MessagesView.swift in Sources */ = {isa = PBXBuildFile; fileRef = 952354C22B7AEDC400C6D504 /* MessagesView.swift */; };
		952354CF2B7AEDC400C6D504 /* SearchTableViewCell.swift in Sources */ = {isa = PBXBuildFile; fileRef = 952354C32B7AEDC400C6D504 /* SearchTableViewCell.swift */; };
		952354D22B7AEDC400C6D504 /* MessageTableViewCell.swift in Sources */ = {isa = PBXBuildFile; fileRef = 952354C62B7AEDC400C6D504 /* MessageTableViewCell.swift */; };
		952354E22B7AEEAB00C6D504 /* MessageModel.swift in Sources */ = {isa = PBXBuildFile; fileRef = 952354E12B7AEEAB00C6D504 /* MessageModel.swift */; };
		952354E42B7AEEC200C6D504 /* StorageManager.swift in Sources */ = {isa = PBXBuildFile; fileRef = 952354E32B7AEEC200C6D504 /* StorageManager.swift */; };
		952354E62B7AEECD00C6D504 /* UserModel.swift in Sources */ = {isa = PBXBuildFile; fileRef = 952354E52B7AEECD00C6D504 /* UserModel.swift */; };
		952354E82B7AEEEB00C6D504 /* ChatLogModel.swift in Sources */ = {isa = PBXBuildFile; fileRef = 952354E72B7AEEEB00C6D504 /* ChatLogModel.swift */; };
		952354EA2B7AEF0600C6D504 /* DatabaseManager.swift in Sources */ = {isa = PBXBuildFile; fileRef = 952354E92B7AEF0600C6D504 /* DatabaseManager.swift */; };
		952354EC2B7AEFE000C6D504 /* LoginView.swift in Sources */ = {isa = PBXBuildFile; fileRef = 952354EB2B7AEFE000C6D504 /* LoginView.swift */; };
		952354F02B7AF0E200C6D504 /* WelcomeView.swift in Sources */ = {isa = PBXBuildFile; fileRef = 952354EF2B7AF0E200C6D504 /* WelcomeView.swift */; };
		952354F22B7AF0EF00C6D504 /* RegisterView.swift in Sources */ = {isa = PBXBuildFile; fileRef = 952354F12B7AF0EF00C6D504 /* RegisterView.swift */; };
		952354F42B7B0CEE00C6D504 /* LoginViewModel.swift in Sources */ = {isa = PBXBuildFile; fileRef = 952354F32B7B0CEE00C6D504 /* LoginViewModel.swift */; };
		954ED6EA2B7BDCB200A6747D /* GoogleService-Info.plist in Resources */ = {isa = PBXBuildFile; fileRef = 954ED6E92B7BDCB200A6747D /* GoogleService-Info.plist */; };
		956148392B5DE7F700F0FCD0 /* FirebaseAnalytics in Frameworks */ = {isa = PBXBuildFile; productRef = 956148382B5DE7F700F0FCD0 /* FirebaseAnalytics */; };
		9561483B2B5DE7F700F0FCD0 /* FirebaseAnalyticsOnDeviceConversion in Frameworks */ = {isa = PBXBuildFile; productRef = 9561483A2B5DE7F700F0FCD0 /* FirebaseAnalyticsOnDeviceConversion */; };
		9561483D2B5DE7F700F0FCD0 /* FirebaseAnalyticsSwift in Frameworks */ = {isa = PBXBuildFile; productRef = 9561483C2B5DE7F700F0FCD0 /* FirebaseAnalyticsSwift */; };
		9561483F2B5DE7F700F0FCD0 /* FirebaseAnalyticsWithoutAdIdSupport in Frameworks */ = {isa = PBXBuildFile; productRef = 9561483E2B5DE7F700F0FCD0 /* FirebaseAnalyticsWithoutAdIdSupport */; };
		956148412B5DE7F700F0FCD0 /* FirebaseAppCheck in Frameworks */ = {isa = PBXBuildFile; productRef = 956148402B5DE7F700F0FCD0 /* FirebaseAppCheck */; };
		956148432B5DE7F700F0FCD0 /* FirebaseAppDistribution-Beta in Frameworks */ = {isa = PBXBuildFile; productRef = 956148422B5DE7F700F0FCD0 /* FirebaseAppDistribution-Beta */; };
		956148452B5DE7F700F0FCD0 /* FirebaseAuth in Frameworks */ = {isa = PBXBuildFile; productRef = 956148442B5DE7F700F0FCD0 /* FirebaseAuth */; };
		956148472B5DE7F700F0FCD0 /* FirebaseAuthCombine-Community in Frameworks */ = {isa = PBXBuildFile; productRef = 956148462B5DE7F700F0FCD0 /* FirebaseAuthCombine-Community */; };
		956148492B5DE7F700F0FCD0 /* FirebaseCrashlytics in Frameworks */ = {isa = PBXBuildFile; productRef = 956148482B5DE7F700F0FCD0 /* FirebaseCrashlytics */; };
		9561484B2B5DE7F700F0FCD0 /* FirebaseDatabase in Frameworks */ = {isa = PBXBuildFile; productRef = 9561484A2B5DE7F700F0FCD0 /* FirebaseDatabase */; };
		9561484D2B5DE7F700F0FCD0 /* FirebaseDatabaseSwift in Frameworks */ = {isa = PBXBuildFile; productRef = 9561484C2B5DE7F700F0FCD0 /* FirebaseDatabaseSwift */; };
		9561484F2B5DE7F700F0FCD0 /* FirebaseDynamicLinks in Frameworks */ = {isa = PBXBuildFile; productRef = 9561484E2B5DE7F700F0FCD0 /* FirebaseDynamicLinks */; };
		956148512B5DE7F700F0FCD0 /* FirebaseFirestore in Frameworks */ = {isa = PBXBuildFile; productRef = 956148502B5DE7F700F0FCD0 /* FirebaseFirestore */; };
		956148532B5DE7F700F0FCD0 /* FirebaseFirestoreCombine-Community in Frameworks */ = {isa = PBXBuildFile; productRef = 956148522B5DE7F700F0FCD0 /* FirebaseFirestoreCombine-Community */; };
		956148552B5DE7F700F0FCD0 /* FirebaseFirestoreSwift in Frameworks */ = {isa = PBXBuildFile; productRef = 956148542B5DE7F700F0FCD0 /* FirebaseFirestoreSwift */; };
		956148572B5DE7F700F0FCD0 /* FirebaseFunctions in Frameworks */ = {isa = PBXBuildFile; productRef = 956148562B5DE7F700F0FCD0 /* FirebaseFunctions */; };
		956148592B5DE7F700F0FCD0 /* FirebaseFunctionsCombine-Community in Frameworks */ = {isa = PBXBuildFile; productRef = 956148582B5DE7F700F0FCD0 /* FirebaseFunctionsCombine-Community */; };
		9561485B2B5DE7F700F0FCD0 /* FirebaseInAppMessaging-Beta in Frameworks */ = {isa = PBXBuildFile; productRef = 9561485A2B5DE7F700F0FCD0 /* FirebaseInAppMessaging-Beta */; };
		9561485D2B5DE7F700F0FCD0 /* FirebaseInAppMessagingSwift-Beta in Frameworks */ = {isa = PBXBuildFile; productRef = 9561485C2B5DE7F700F0FCD0 /* FirebaseInAppMessagingSwift-Beta */; };
		9561485F2B5DE7F700F0FCD0 /* FirebaseInstallations in Frameworks */ = {isa = PBXBuildFile; productRef = 9561485E2B5DE7F700F0FCD0 /* FirebaseInstallations */; };
		956148612B5DE7F700F0FCD0 /* FirebaseMLModelDownloader in Frameworks */ = {isa = PBXBuildFile; productRef = 956148602B5DE7F700F0FCD0 /* FirebaseMLModelDownloader */; };
		956148632B5DE7F700F0FCD0 /* FirebaseMessaging in Frameworks */ = {isa = PBXBuildFile; productRef = 956148622B5DE7F700F0FCD0 /* FirebaseMessaging */; };
		956148652B5DE7F700F0FCD0 /* FirebasePerformance in Frameworks */ = {isa = PBXBuildFile; productRef = 956148642B5DE7F700F0FCD0 /* FirebasePerformance */; };
		956148672B5DE7F700F0FCD0 /* FirebaseRemoteConfig in Frameworks */ = {isa = PBXBuildFile; productRef = 956148662B5DE7F700F0FCD0 /* FirebaseRemoteConfig */; };
		956148692B5DE7F700F0FCD0 /* FirebaseRemoteConfigSwift in Frameworks */ = {isa = PBXBuildFile; productRef = 956148682B5DE7F700F0FCD0 /* FirebaseRemoteConfigSwift */; };
		9561486B2B5DE7F700F0FCD0 /* FirebaseStorage in Frameworks */ = {isa = PBXBuildFile; productRef = 9561486A2B5DE7F700F0FCD0 /* FirebaseStorage */; };
		9561486D2B5DE7F700F0FCD0 /* FirebaseStorageCombine-Community in Frameworks */ = {isa = PBXBuildFile; productRef = 9561486C2B5DE7F700F0FCD0 /* FirebaseStorageCombine-Community */; };
		9561486F2B5DE84800F0FCD0 /* FirebaseAnalytics in Frameworks */ = {isa = PBXBuildFile; productRef = 9561486E2B5DE84800F0FCD0 /* FirebaseAnalytics */; };
		956148712B5DE84800F0FCD0 /* FirebaseAnalyticsOnDeviceConversion in Frameworks */ = {isa = PBXBuildFile; productRef = 956148702B5DE84800F0FCD0 /* FirebaseAnalyticsOnDeviceConversion */; };
		956148732B5DE84800F0FCD0 /* FirebaseAnalyticsSwift in Frameworks */ = {isa = PBXBuildFile; productRef = 956148722B5DE84800F0FCD0 /* FirebaseAnalyticsSwift */; };
		956148752B5DE84800F0FCD0 /* FirebaseAnalyticsWithoutAdIdSupport in Frameworks */ = {isa = PBXBuildFile; productRef = 956148742B5DE84800F0FCD0 /* FirebaseAnalyticsWithoutAdIdSupport */; };
		956148772B5DE84800F0FCD0 /* FirebaseAppCheck in Frameworks */ = {isa = PBXBuildFile; productRef = 956148762B5DE84800F0FCD0 /* FirebaseAppCheck */; };
		956148792B5DE84800F0FCD0 /* FirebaseAppDistribution-Beta in Frameworks */ = {isa = PBXBuildFile; productRef = 956148782B5DE84800F0FCD0 /* FirebaseAppDistribution-Beta */; };
		9561487B2B5DE84800F0FCD0 /* FirebaseAuth in Frameworks */ = {isa = PBXBuildFile; productRef = 9561487A2B5DE84800F0FCD0 /* FirebaseAuth */; };
		9561487D2B5DE84800F0FCD0 /* FirebaseAuthCombine-Community in Frameworks */ = {isa = PBXBuildFile; productRef = 9561487C2B5DE84800F0FCD0 /* FirebaseAuthCombine-Community */; };
		9561487F2B5DE84800F0FCD0 /* FirebaseCrashlytics in Frameworks */ = {isa = PBXBuildFile; productRef = 9561487E2B5DE84800F0FCD0 /* FirebaseCrashlytics */; };
		956148812B5DE84800F0FCD0 /* FirebaseDatabase in Frameworks */ = {isa = PBXBuildFile; productRef = 956148802B5DE84800F0FCD0 /* FirebaseDatabase */; };
		956148832B5DE84800F0FCD0 /* FirebaseDatabaseSwift in Frameworks */ = {isa = PBXBuildFile; productRef = 956148822B5DE84800F0FCD0 /* FirebaseDatabaseSwift */; };
		956148852B5DE84800F0FCD0 /* FirebaseDynamicLinks in Frameworks */ = {isa = PBXBuildFile; productRef = 956148842B5DE84800F0FCD0 /* FirebaseDynamicLinks */; };
		956148872B5DE84800F0FCD0 /* FirebaseFirestore in Frameworks */ = {isa = PBXBuildFile; productRef = 956148862B5DE84800F0FCD0 /* FirebaseFirestore */; };
		956148892B5DE84800F0FCD0 /* FirebaseFirestoreCombine-Community in Frameworks */ = {isa = PBXBuildFile; productRef = 956148882B5DE84800F0FCD0 /* FirebaseFirestoreCombine-Community */; };
		9561488B2B5DE84800F0FCD0 /* FirebaseFirestoreSwift in Frameworks */ = {isa = PBXBuildFile; productRef = 9561488A2B5DE84800F0FCD0 /* FirebaseFirestoreSwift */; };
		9561488D2B5DE84800F0FCD0 /* FirebaseFunctions in Frameworks */ = {isa = PBXBuildFile; productRef = 9561488C2B5DE84800F0FCD0 /* FirebaseFunctions */; };
		9561488F2B5DE84800F0FCD0 /* FirebaseFunctionsCombine-Community in Frameworks */ = {isa = PBXBuildFile; productRef = 9561488E2B5DE84800F0FCD0 /* FirebaseFunctionsCombine-Community */; };
		956148912B5DE84800F0FCD0 /* FirebaseInAppMessaging-Beta in Frameworks */ = {isa = PBXBuildFile; productRef = 956148902B5DE84800F0FCD0 /* FirebaseInAppMessaging-Beta */; };
		956148932B5DE84800F0FCD0 /* FirebaseInAppMessagingSwift-Beta in Frameworks */ = {isa = PBXBuildFile; productRef = 956148922B5DE84800F0FCD0 /* FirebaseInAppMessagingSwift-Beta */; };
		956148952B5DE84800F0FCD0 /* FirebaseInstallations in Frameworks */ = {isa = PBXBuildFile; productRef = 956148942B5DE84800F0FCD0 /* FirebaseInstallations */; };
		956148972B5DE84800F0FCD0 /* FirebaseMLModelDownloader in Frameworks */ = {isa = PBXBuildFile; productRef = 956148962B5DE84800F0FCD0 /* FirebaseMLModelDownloader */; };
		956148992B5DE84800F0FCD0 /* FirebaseMessaging in Frameworks */ = {isa = PBXBuildFile; productRef = 956148982B5DE84800F0FCD0 /* FirebaseMessaging */; };
		9561489B2B5DE84800F0FCD0 /* FirebasePerformance in Frameworks */ = {isa = PBXBuildFile; productRef = 9561489A2B5DE84800F0FCD0 /* FirebasePerformance */; };
		9561489D2B5DE84800F0FCD0 /* FirebaseRemoteConfig in Frameworks */ = {isa = PBXBuildFile; productRef = 9561489C2B5DE84800F0FCD0 /* FirebaseRemoteConfig */; };
		9561489F2B5DE84800F0FCD0 /* FirebaseRemoteConfigSwift in Frameworks */ = {isa = PBXBuildFile; productRef = 9561489E2B5DE84800F0FCD0 /* FirebaseRemoteConfigSwift */; };
		956148A12B5DE84800F0FCD0 /* FirebaseStorage in Frameworks */ = {isa = PBXBuildFile; productRef = 956148A02B5DE84800F0FCD0 /* FirebaseStorage */; };
		956148A32B5DE84800F0FCD0 /* FirebaseStorageCombine-Community in Frameworks */ = {isa = PBXBuildFile; productRef = 956148A22B5DE84800F0FCD0 /* FirebaseStorageCombine-Community */; };
		9597D0832B59E1CE0068AAEC /* BlinkChatApp.swift in Sources */ = {isa = PBXBuildFile; fileRef = 9597D0822B59E1CE0068AAEC /* BlinkChatApp.swift */; };
		9597D0872B59E1CF0068AAEC /* Assets.xcassets in Resources */ = {isa = PBXBuildFile; fileRef = 9597D0862B59E1CF0068AAEC /* Assets.xcassets */; };
		9597D08A2B59E1CF0068AAEC /* Preview Assets.xcassets in Resources */ = {isa = PBXBuildFile; fileRef = 9597D0892B59E1CF0068AAEC /* Preview Assets.xcassets */; };
/* End PBXBuildFile section */

/* Begin PBXFileReference section */
		9523549E2B7AED8000C6D504 /* HomeViewModel.swift */ = {isa = PBXFileReference; fileEncoding = 4; lastKnownFileType = sourcecode.swift; path = HomeViewModel.swift; sourceTree = "<group>"; };
		9523549F2B7AED8000C6D504 /* ChatTableViewCellViewModel.swift */ = {isa = PBXFileReference; fileEncoding = 4; lastKnownFileType = sourcecode.swift; path = ChatTableViewCellViewModel.swift; sourceTree = "<group>"; };
		952354A02B7AED8000C6D504 /* SearchViewModel.swift */ = {isa = PBXFileReference; fileEncoding = 4; lastKnownFileType = sourcecode.swift; path = SearchViewModel.swift; sourceTree = "<group>"; };
		952354A12B7AED8000C6D504 /* MessagesViewModel.swift */ = {isa = PBXFileReference; fileEncoding = 4; lastKnownFileType = sourcecode.swift; path = MessagesViewModel.swift; sourceTree = "<group>"; };
		952354A32B7AED8000C6D504 /* MessageTableViewCellViewModel.swift */ = {isa = PBXFileReference; fileEncoding = 4; lastKnownFileType = sourcecode.swift; path = MessageTableViewCellViewModel.swift; sourceTree = "<group>"; };
		952354A42B7AED8000C6D504 /* ProfileViewModel.swift */ = {isa = PBXFileReference; fileEncoding = 4; lastKnownFileType = sourcecode.swift; path = ProfileViewModel.swift; sourceTree = "<group>"; };
		952354A52B7AED8000C6D504 /* RegisterViewModel.swift */ = {isa = PBXFileReference; fileEncoding = 4; lastKnownFileType = sourcecode.swift; path = RegisterViewModel.swift; sourceTree = "<group>"; };
		952354BB2B7AEDC400C6D504 /* ChatsTableView.swift */ = {isa = PBXFileReference; fileEncoding = 4; lastKnownFileType = sourcecode.swift; path = ChatsTableView.swift; sourceTree = "<group>"; };
		952354BC2B7AEDC400C6D504 /* SearchView.swift */ = {isa = PBXFileReference; fileEncoding = 4; lastKnownFileType = sourcecode.swift; path = SearchView.swift; sourceTree = "<group>"; };
		952354BD2B7AEDC400C6D504 /* ProfileView.swift */ = {isa = PBXFileReference; fileEncoding = 4; lastKnownFileType = sourcecode.swift; path = ProfileView.swift; sourceTree = "<group>"; };
		952354BF2B7AEDC400C6D504 /* HomeView.swift */ = {isa = PBXFileReference; fileEncoding = 4; lastKnownFileType = sourcecode.swift; path = HomeView.swift; sourceTree = "<group>"; };
		952354C02B7AEDC400C6D504 /* ChatsTableViewCell.swift */ = {isa = PBXFileReference; fileEncoding = 4; lastKnownFileType = sourcecode.swift; path = ChatsTableViewCell.swift; sourceTree = "<group>"; };
		952354C22B7AEDC400C6D504 /* MessagesView.swift */ = {isa = PBXFileReference; fileEncoding = 4; lastKnownFileType = sourcecode.swift; path = MessagesView.swift; sourceTree = "<group>"; };
		952354C32B7AEDC400C6D504 /* SearchTableViewCell.swift */ = {isa = PBXFileReference; fileEncoding = 4; lastKnownFileType = sourcecode.swift; path = SearchTableViewCell.swift; sourceTree = "<group>"; };
		952354C62B7AEDC400C6D504 /* MessageTableViewCell.swift */ = {isa = PBXFileReference; fileEncoding = 4; lastKnownFileType = sourcecode.swift; path = MessageTableViewCell.swift; sourceTree = "<group>"; };
		952354E12B7AEEAB00C6D504 /* MessageModel.swift */ = {isa = PBXFileReference; fileEncoding = 4; lastKnownFileType = sourcecode.swift; path = MessageModel.swift; sourceTree = "<group>"; };
		952354E32B7AEEC200C6D504 /* StorageManager.swift */ = {isa = PBXFileReference; fileEncoding = 4; lastKnownFileType = sourcecode.swift; path = StorageManager.swift; sourceTree = "<group>"; };
		952354E52B7AEECD00C6D504 /* UserModel.swift */ = {isa = PBXFileReference; fileEncoding = 4; lastKnownFileType = sourcecode.swift; path = UserModel.swift; sourceTree = "<group>"; };
		952354E72B7AEEEB00C6D504 /* ChatLogModel.swift */ = {isa = PBXFileReference; fileEncoding = 4; lastKnownFileType = sourcecode.swift; path = ChatLogModel.swift; sourceTree = "<group>"; };
		952354E92B7AEF0600C6D504 /* DatabaseManager.swift */ = {isa = PBXFileReference; fileEncoding = 4; lastKnownFileType = sourcecode.swift; path = DatabaseManager.swift; sourceTree = "<group>"; };
		952354EB2B7AEFE000C6D504 /* LoginView.swift */ = {isa = PBXFileReference; lastKnownFileType = sourcecode.swift; path = LoginView.swift; sourceTree = "<group>"; };
		952354EF2B7AF0E200C6D504 /* WelcomeView.swift */ = {isa = PBXFileReference; fileEncoding = 4; lastKnownFileType = sourcecode.swift; path = WelcomeView.swift; sourceTree = "<group>"; };
		952354F12B7AF0EF00C6D504 /* RegisterView.swift */ = {isa = PBXFileReference; fileEncoding = 4; lastKnownFileType = sourcecode.swift; path = RegisterView.swift; sourceTree = "<group>"; };
		952354F32B7B0CEE00C6D504 /* LoginViewModel.swift */ = {isa = PBXFileReference; lastKnownFileType = sourcecode.swift; path = LoginViewModel.swift; sourceTree = "<group>"; };
		954ED6E92B7BDCB200A6747D /* GoogleService-Info.plist */ = {isa = PBXFileReference; fileEncoding = 4; lastKnownFileType = text.plist.xml; path = "GoogleService-Info.plist"; sourceTree = "<group>"; };
		9597D07F2B59E1CE0068AAEC /* BlinkChat.app */ = {isa = PBXFileReference; explicitFileType = wrapper.application; includeInIndex = 0; path = BlinkChat.app; sourceTree = BUILT_PRODUCTS_DIR; };
		9597D0822B59E1CE0068AAEC /* BlinkChatApp.swift */ = {isa = PBXFileReference; lastKnownFileType = sourcecode.swift; path = BlinkChatApp.swift; sourceTree = "<group>"; };
		9597D0862B59E1CF0068AAEC /* Assets.xcassets */ = {isa = PBXFileReference; lastKnownFileType = folder.assetcatalog; path = Assets.xcassets; sourceTree = "<group>"; };
		9597D0892B59E1CF0068AAEC /* Preview Assets.xcassets */ = {isa = PBXFileReference; lastKnownFileType = folder.assetcatalog; path = "Preview Assets.xcassets"; sourceTree = "<group>"; };
/* End PBXFileReference section */

/* Begin PBXFrameworksBuildPhase section */
		9597D07C2B59E1CE0068AAEC /* Frameworks */ = {
			isa = PBXFrameworksBuildPhase;
			buildActionMask = 2147483647;
			files = (
				9561484B2B5DE7F700F0FCD0 /* FirebaseDatabase in Frameworks */,
				956148592B5DE7F700F0FCD0 /* FirebaseFunctionsCombine-Community in Frameworks */,
				956148512B5DE7F700F0FCD0 /* FirebaseFirestore in Frameworks */,
				956148972B5DE84800F0FCD0 /* FirebaseMLModelDownloader in Frameworks */,
				9561483D2B5DE7F700F0FCD0 /* FirebaseAnalyticsSwift in Frameworks */,
				956148932B5DE84800F0FCD0 /* FirebaseInAppMessagingSwift-Beta in Frameworks */,
				956148392B5DE7F700F0FCD0 /* FirebaseAnalytics in Frameworks */,
				9561483B2B5DE7F700F0FCD0 /* FirebaseAnalyticsOnDeviceConversion in Frameworks */,
				956148612B5DE7F700F0FCD0 /* FirebaseMLModelDownloader in Frameworks */,
				956148552B5DE7F700F0FCD0 /* FirebaseFirestoreSwift in Frameworks */,
				956148412B5DE7F700F0FCD0 /* FirebaseAppCheck in Frameworks */,
				9561483F2B5DE7F700F0FCD0 /* FirebaseAnalyticsWithoutAdIdSupport in Frameworks */,
				956148952B5DE84800F0FCD0 /* FirebaseInstallations in Frameworks */,
				956148452B5DE7F700F0FCD0 /* FirebaseAuth in Frameworks */,
				956148492B5DE7F700F0FCD0 /* FirebaseCrashlytics in Frameworks */,
				956148692B5DE7F700F0FCD0 /* FirebaseRemoteConfigSwift in Frameworks */,
				956148A32B5DE84800F0FCD0 /* FirebaseStorageCombine-Community in Frameworks */,
				956148872B5DE84800F0FCD0 /* FirebaseFirestore in Frameworks */,
				956148712B5DE84800F0FCD0 /* FirebaseAnalyticsOnDeviceConversion in Frameworks */,
				9561485B2B5DE7F700F0FCD0 /* FirebaseInAppMessaging-Beta in Frameworks */,
				9561486F2B5DE84800F0FCD0 /* FirebaseAnalytics in Frameworks */,
				9561488B2B5DE84800F0FCD0 /* FirebaseFirestoreSwift in Frameworks */,
				9561489D2B5DE84800F0FCD0 /* FirebaseRemoteConfig in Frameworks */,
				956148772B5DE84800F0FCD0 /* FirebaseAppCheck in Frameworks */,
				956148752B5DE84800F0FCD0 /* FirebaseAnalyticsWithoutAdIdSupport in Frameworks */,
				956148A12B5DE84800F0FCD0 /* FirebaseStorage in Frameworks */,
				9561484D2B5DE7F700F0FCD0 /* FirebaseDatabaseSwift in Frameworks */,
				9561489F2B5DE84800F0FCD0 /* FirebaseRemoteConfigSwift in Frameworks */,
				9561487D2B5DE84800F0FCD0 /* FirebaseAuthCombine-Community in Frameworks */,
				9561487B2B5DE84800F0FCD0 /* FirebaseAuth in Frameworks */,
				956148572B5DE7F700F0FCD0 /* FirebaseFunctions in Frameworks */,
				956148792B5DE84800F0FCD0 /* FirebaseAppDistribution-Beta in Frameworks */,
				9561486D2B5DE7F700F0FCD0 /* FirebaseStorageCombine-Community in Frameworks */,
				956148672B5DE7F700F0FCD0 /* FirebaseRemoteConfig in Frameworks */,
				956148432B5DE7F700F0FCD0 /* FirebaseAppDistribution-Beta in Frameworks */,
				956148472B5DE7F700F0FCD0 /* FirebaseAuthCombine-Community in Frameworks */,
				956148912B5DE84800F0FCD0 /* FirebaseInAppMessaging-Beta in Frameworks */,
				956148652B5DE7F700F0FCD0 /* FirebasePerformance in Frameworks */,
				9561485D2B5DE7F700F0FCD0 /* FirebaseInAppMessagingSwift-Beta in Frameworks */,
				9561488F2B5DE84800F0FCD0 /* FirebaseFunctionsCombine-Community in Frameworks */,
				956148812B5DE84800F0FCD0 /* FirebaseDatabase in Frameworks */,
				956148992B5DE84800F0FCD0 /* FirebaseMessaging in Frameworks */,
				956148732B5DE84800F0FCD0 /* FirebaseAnalyticsSwift in Frameworks */,
				9561488D2B5DE84800F0FCD0 /* FirebaseFunctions in Frameworks */,
				9561486B2B5DE7F700F0FCD0 /* FirebaseStorage in Frameworks */,
				956148832B5DE84800F0FCD0 /* FirebaseDatabaseSwift in Frameworks */,
				9561489B2B5DE84800F0FCD0 /* FirebasePerformance in Frameworks */,
				9561484F2B5DE7F700F0FCD0 /* FirebaseDynamicLinks in Frameworks */,
				956148532B5DE7F700F0FCD0 /* FirebaseFirestoreCombine-Community in Frameworks */,
				9561487F2B5DE84800F0FCD0 /* FirebaseCrashlytics in Frameworks */,
				956148632B5DE7F700F0FCD0 /* FirebaseMessaging in Frameworks */,
				9561485F2B5DE7F700F0FCD0 /* FirebaseInstallations in Frameworks */,
				956148892B5DE84800F0FCD0 /* FirebaseFirestoreCombine-Community in Frameworks */,
				956148852B5DE84800F0FCD0 /* FirebaseDynamicLinks in Frameworks */,
			);
			runOnlyForDeploymentPostprocessing = 0;
		};
/* End PBXFrameworksBuildPhase section */

/* Begin PBXGroup section */
		9523549C2B7AED8000C6D504 /* ViewModel */ = {
			isa = PBXGroup;
			children = (
				9523549E2B7AED8000C6D504 /* HomeViewModel.swift */,
				952354F32B7B0CEE00C6D504 /* LoginViewModel.swift */,
				952354A52B7AED8000C6D504 /* RegisterViewModel.swift */,
				9523549F2B7AED8000C6D504 /* ChatTableViewCellViewModel.swift */,
				952354A02B7AED8000C6D504 /* SearchViewModel.swift */,
				952354A12B7AED8000C6D504 /* MessagesViewModel.swift */,
				952354A32B7AED8000C6D504 /* MessageTableViewCellViewModel.swift */,
				952354A42B7AED8000C6D504 /* ProfileViewModel.swift */,
			);
			path = ViewModel;
			sourceTree = "<group>";
		};
		952354AF2B7AEDA700C6D504 /* Model */ = {
			isa = PBXGroup;
			children = (
				952354E12B7AEEAB00C6D504 /* MessageModel.swift */,
				952354E32B7AEEC200C6D504 /* StorageManager.swift */,
				952354E52B7AEECD00C6D504 /* UserModel.swift */,
				952354E72B7AEEEB00C6D504 /* ChatLogModel.swift */,
				952354E92B7AEF0600C6D504 /* DatabaseManager.swift */,
			);
			path = Model;
			sourceTree = "<group>";
		};
		952354BA2B7AEDC400C6D504 /* View */ = {
			isa = PBXGroup;
			children = (
				952354EF2B7AF0E200C6D504 /* WelcomeView.swift */,
				952354EB2B7AEFE000C6D504 /* LoginView.swift */,
				952354F12B7AF0EF00C6D504 /* RegisterView.swift */,
				952354BF2B7AEDC400C6D504 /* HomeView.swift */,
				952354BB2B7AEDC400C6D504 /* ChatsTableView.swift */,
				952354C02B7AEDC400C6D504 /* ChatsTableViewCell.swift */,
				952354BD2B7AEDC400C6D504 /* ProfileView.swift */,
				952354BC2B7AEDC400C6D504 /* SearchView.swift */,
				952354C32B7AEDC400C6D504 /* SearchTableViewCell.swift */,
				952354C22B7AEDC400C6D504 /* MessagesView.swift */,
				952354C62B7AEDC400C6D504 /* MessageTableViewCell.swift */,
			);
			path = View;
			sourceTree = "<group>";
		};
		9597D0762B59E1CE0068AAEC = {
			isa = PBXGroup;
			children = (
				9597D0812B59E1CE0068AAEC /* BlinkChat */,
				9597D0802B59E1CE0068AAEC /* Products */,
			);
			sourceTree = "<group>";
		};
		9597D0802B59E1CE0068AAEC /* Products */ = {
			isa = PBXGroup;
			children = (
				9597D07F2B59E1CE0068AAEC /* BlinkChat.app */,
			);
			name = Products;
			sourceTree = "<group>";
		};
		9597D0812B59E1CE0068AAEC /* BlinkChat */ = {
			isa = PBXGroup;
			children = (
				9597D0822B59E1CE0068AAEC /* BlinkChatApp.swift */,
				952354AF2B7AEDA700C6D504 /* Model */,
				952354BA2B7AEDC400C6D504 /* View */,
				9523549C2B7AED8000C6D504 /* ViewModel */,
				9597D0862B59E1CF0068AAEC /* Assets.xcassets */,
				954ED6E92B7BDCB200A6747D /* GoogleService-Info.plist */,
				9597D0882B59E1CF0068AAEC /* Preview Content */,
			);
			path = BlinkChat;
			sourceTree = "<group>";
		};
		9597D0882B59E1CF0068AAEC /* Preview Content */ = {
			isa = PBXGroup;
			children = (
				9597D0892B59E1CF0068AAEC /* Preview Assets.xcassets */,
			);
			path = "Preview Content";
			sourceTree = "<group>";
		};
/* End PBXGroup section */

/* Begin PBXNativeTarget section */
		9597D07E2B59E1CE0068AAEC /* BlinkChat */ = {
			isa = PBXNativeTarget;
			buildConfigurationList = 9597D08D2B59E1CF0068AAEC /* Build configuration list for PBXNativeTarget "BlinkChat" */;
			buildPhases = (
				9597D07B2B59E1CE0068AAEC /* Sources */,
				9597D07C2B59E1CE0068AAEC /* Frameworks */,
				9597D07D2B59E1CE0068AAEC /* Resources */,
			);
			buildRules = (
			);
			dependencies = (
			);
			name = BlinkChat;
			packageProductDependencies = (
				956148382B5DE7F700F0FCD0 /* FirebaseAnalytics */,
				9561483A2B5DE7F700F0FCD0 /* FirebaseAnalyticsOnDeviceConversion */,
				9561483C2B5DE7F700F0FCD0 /* FirebaseAnalyticsSwift */,
				9561483E2B5DE7F700F0FCD0 /* FirebaseAnalyticsWithoutAdIdSupport */,
				956148402B5DE7F700F0FCD0 /* FirebaseAppCheck */,
				956148422B5DE7F700F0FCD0 /* FirebaseAppDistribution-Beta */,
				956148442B5DE7F700F0FCD0 /* FirebaseAuth */,
				956148462B5DE7F700F0FCD0 /* FirebaseAuthCombine-Community */,
				956148482B5DE7F700F0FCD0 /* FirebaseCrashlytics */,
				9561484A2B5DE7F700F0FCD0 /* FirebaseDatabase */,
				9561484C2B5DE7F700F0FCD0 /* FirebaseDatabaseSwift */,
				9561484E2B5DE7F700F0FCD0 /* FirebaseDynamicLinks */,
				956148502B5DE7F700F0FCD0 /* FirebaseFirestore */,
				956148522B5DE7F700F0FCD0 /* FirebaseFirestoreCombine-Community */,
				956148542B5DE7F700F0FCD0 /* FirebaseFirestoreSwift */,
				956148562B5DE7F700F0FCD0 /* FirebaseFunctions */,
				956148582B5DE7F700F0FCD0 /* FirebaseFunctionsCombine-Community */,
				9561485A2B5DE7F700F0FCD0 /* FirebaseInAppMessaging-Beta */,
				9561485C2B5DE7F700F0FCD0 /* FirebaseInAppMessagingSwift-Beta */,
				9561485E2B5DE7F700F0FCD0 /* FirebaseInstallations */,
				956148602B5DE7F700F0FCD0 /* FirebaseMLModelDownloader */,
				956148622B5DE7F700F0FCD0 /* FirebaseMessaging */,
				956148642B5DE7F700F0FCD0 /* FirebasePerformance */,
				956148662B5DE7F700F0FCD0 /* FirebaseRemoteConfig */,
				956148682B5DE7F700F0FCD0 /* FirebaseRemoteConfigSwift */,
				9561486A2B5DE7F700F0FCD0 /* FirebaseStorage */,
				9561486C2B5DE7F700F0FCD0 /* FirebaseStorageCombine-Community */,
				9561486E2B5DE84800F0FCD0 /* FirebaseAnalytics */,
				956148702B5DE84800F0FCD0 /* FirebaseAnalyticsOnDeviceConversion */,
				956148722B5DE84800F0FCD0 /* FirebaseAnalyticsSwift */,
				956148742B5DE84800F0FCD0 /* FirebaseAnalyticsWithoutAdIdSupport */,
				956148762B5DE84800F0FCD0 /* FirebaseAppCheck */,
				956148782B5DE84800F0FCD0 /* FirebaseAppDistribution-Beta */,
				9561487A2B5DE84800F0FCD0 /* FirebaseAuth */,
				9561487C2B5DE84800F0FCD0 /* FirebaseAuthCombine-Community */,
				9561487E2B5DE84800F0FCD0 /* FirebaseCrashlytics */,
				956148802B5DE84800F0FCD0 /* FirebaseDatabase */,
				956148822B5DE84800F0FCD0 /* FirebaseDatabaseSwift */,
				956148842B5DE84800F0FCD0 /* FirebaseDynamicLinks */,
				956148862B5DE84800F0FCD0 /* FirebaseFirestore */,
				956148882B5DE84800F0FCD0 /* FirebaseFirestoreCombine-Community */,
				9561488A2B5DE84800F0FCD0 /* FirebaseFirestoreSwift */,
				9561488C2B5DE84800F0FCD0 /* FirebaseFunctions */,
				9561488E2B5DE84800F0FCD0 /* FirebaseFunctionsCombine-Community */,
				956148902B5DE84800F0FCD0 /* FirebaseInAppMessaging-Beta */,
				956148922B5DE84800F0FCD0 /* FirebaseInAppMessagingSwift-Beta */,
				956148942B5DE84800F0FCD0 /* FirebaseInstallations */,
				956148962B5DE84800F0FCD0 /* FirebaseMLModelDownloader */,
				956148982B5DE84800F0FCD0 /* FirebaseMessaging */,
				9561489A2B5DE84800F0FCD0 /* FirebasePerformance */,
				9561489C2B5DE84800F0FCD0 /* FirebaseRemoteConfig */,
				9561489E2B5DE84800F0FCD0 /* FirebaseRemoteConfigSwift */,
				956148A02B5DE84800F0FCD0 /* FirebaseStorage */,
				956148A22B5DE84800F0FCD0 /* FirebaseStorageCombine-Community */,
			);
			productName = BlinkChat;
			productReference = 9597D07F2B59E1CE0068AAEC /* BlinkChat.app */;
			productType = "com.apple.product-type.application";
		};
/* End PBXNativeTarget section */

/* Begin PBXProject section */
		9597D0772B59E1CE0068AAEC /* Project object */ = {
			isa = PBXProject;
			attributes = {
				BuildIndependentTargetsInParallel = 1;
				LastSwiftUpdateCheck = 1500;
				LastUpgradeCheck = 1500;
				TargetAttributes = {
					9597D07E2B59E1CE0068AAEC = {
						CreatedOnToolsVersion = 15.0.1;
					};
				};
			};
			buildConfigurationList = 9597D07A2B59E1CE0068AAEC /* Build configuration list for PBXProject "BlinkChat" */;
			compatibilityVersion = "Xcode 14.0";
			developmentRegion = en;
			hasScannedForEncodings = 0;
			knownRegions = (
				en,
				Base,
			);
			mainGroup = 9597D0762B59E1CE0068AAEC;
			packageReferences = (
				956148372B5DE7F700F0FCD0 /* XCRemoteSwiftPackageReference "firebase-ios-sdk" */,
			);
			productRefGroup = 9597D0802B59E1CE0068AAEC /* Products */;
			projectDirPath = "";
			projectRoot = "";
			targets = (
				9597D07E2B59E1CE0068AAEC /* BlinkChat */,
			);
		};
/* End PBXProject section */

/* Begin PBXResourcesBuildPhase section */
		9597D07D2B59E1CE0068AAEC /* Resources */ = {
			isa = PBXResourcesBuildPhase;
			buildActionMask = 2147483647;
			files = (
				954ED6EA2B7BDCB200A6747D /* GoogleService-Info.plist in Resources */,
				9597D08A2B59E1CF0068AAEC /* Preview Assets.xcassets in Resources */,
				9597D0872B59E1CF0068AAEC /* Assets.xcassets in Resources */,
			);
			runOnlyForDeploymentPostprocessing = 0;
		};
/* End PBXResourcesBuildPhase section */

/* Begin PBXSourcesBuildPhase section */
		9597D07B2B59E1CE0068AAEC /* Sources */ = {
			isa = PBXSourcesBuildPhase;
			buildActionMask = 2147483647;
			files = (
				952354E82B7AEEEB00C6D504 /* ChatLogModel.swift in Sources */,
				952354A92B7AED8000C6D504 /* SearchViewModel.swift in Sources */,
				952354CC2B7AEDC400C6D504 /* ChatsTableViewCell.swift in Sources */,
				952354D22B7AEDC400C6D504 /* MessageTableViewCell.swift in Sources */,
				952354CE2B7AEDC400C6D504 /* MessagesView.swift in Sources */,
				952354C72B7AEDC400C6D504 /* ChatsTableView.swift in Sources */,
				952354A72B7AED8000C6D504 /* HomeViewModel.swift in Sources */,
				952354F02B7AF0E200C6D504 /* WelcomeView.swift in Sources */,
				952354F42B7B0CEE00C6D504 /* LoginViewModel.swift in Sources */,
				952354AE2B7AED8000C6D504 /* RegisterViewModel.swift in Sources */,
				952354EC2B7AEFE000C6D504 /* LoginView.swift in Sources */,
				9597D0832B59E1CE0068AAEC /* BlinkChatApp.swift in Sources */,
				952354AC2B7AED8000C6D504 /* MessageTableViewCellViewModel.swift in Sources */,
				952354CF2B7AEDC400C6D504 /* SearchTableViewCell.swift in Sources */,
				952354F22B7AF0EF00C6D504 /* RegisterView.swift in Sources */,
				952354C82B7AEDC400C6D504 /* SearchView.swift in Sources */,
				952354AA2B7AED8000C6D504 /* MessagesViewModel.swift in Sources */,
				952354E62B7AEECD00C6D504 /* UserModel.swift in Sources */,
				952354E22B7AEEAB00C6D504 /* MessageModel.swift in Sources */,
				952354AD2B7AED8000C6D504 /* ProfileViewModel.swift in Sources */,
				952354E42B7AEEC200C6D504 /* StorageManager.swift in Sources */,
				952354A82B7AED8000C6D504 /* ChatTableViewCellViewModel.swift in Sources */,
				952354CB2B7AEDC400C6D504 /* HomeView.swift in Sources */,
				952354C92B7AEDC400C6D504 /* ProfileView.swift in Sources */,
				952354EA2B7AEF0600C6D504 /* DatabaseManager.swift in Sources */,
			);
			runOnlyForDeploymentPostprocessing = 0;
		};
/* End PBXSourcesBuildPhase section */

/* Begin XCBuildConfiguration section */
		9597D08B2B59E1CF0068AAEC /* Debug */ = {
			isa = XCBuildConfiguration;
			buildSettings = {
				ALWAYS_SEARCH_USER_PATHS = NO;
				ASSETCATALOG_COMPILER_GENERATE_SWIFT_ASSET_SYMBOL_EXTENSIONS = YES;
				CLANG_ANALYZER_NONNULL = YES;
				CLANG_ANALYZER_NUMBER_OBJECT_CONVERSION = YES_AGGRESSIVE;
				CLANG_CXX_LANGUAGE_STANDARD = "gnu++20";
				CLANG_ENABLE_MODULES = YES;
				CLANG_ENABLE_OBJC_ARC = YES;
				CLANG_ENABLE_OBJC_WEAK = YES;
				CLANG_WARN_BLOCK_CAPTURE_AUTORELEASING = YES;
				CLANG_WARN_BOOL_CONVERSION = YES;
				CLANG_WARN_COMMA = YES;
				CLANG_WARN_CONSTANT_CONVERSION = YES;
				CLANG_WARN_DEPRECATED_OBJC_IMPLEMENTATIONS = YES;
				CLANG_WARN_DIRECT_OBJC_ISA_USAGE = YES_ERROR;
				CLANG_WARN_DOCUMENTATION_COMMENTS = YES;
				CLANG_WARN_EMPTY_BODY = YES;
				CLANG_WARN_ENUM_CONVERSION = YES;
				CLANG_WARN_INFINITE_RECURSION = YES;
				CLANG_WARN_INT_CONVERSION = YES;
				CLANG_WARN_NON_LITERAL_NULL_CONVERSION = YES;
				CLANG_WARN_OBJC_IMPLICIT_RETAIN_SELF = YES;
				CLANG_WARN_OBJC_LITERAL_CONVERSION = YES;
				CLANG_WARN_OBJC_ROOT_CLASS = YES_ERROR;
				CLANG_WARN_QUOTED_INCLUDE_IN_FRAMEWORK_HEADER = YES;
				CLANG_WARN_RANGE_LOOP_ANALYSIS = YES;
				CLANG_WARN_STRICT_PROTOTYPES = YES;
				CLANG_WARN_SUSPICIOUS_MOVE = YES;
				CLANG_WARN_UNGUARDED_AVAILABILITY = YES_AGGRESSIVE;
				CLANG_WARN_UNREACHABLE_CODE = YES;
				CLANG_WARN__DUPLICATE_METHOD_MATCH = YES;
				COPY_PHASE_STRIP = NO;
				DEBUG_INFORMATION_FORMAT = dwarf;
				ENABLE_STRICT_OBJC_MSGSEND = YES;
				ENABLE_TESTABILITY = YES;
				ENABLE_USER_SCRIPT_SANDBOXING = YES;
				GCC_C_LANGUAGE_STANDARD = gnu17;
				GCC_DYNAMIC_NO_PIC = NO;
				GCC_NO_COMMON_BLOCKS = YES;
				GCC_OPTIMIZATION_LEVEL = 0;
				GCC_PREPROCESSOR_DEFINITIONS = (
					"DEBUG=1",
					"$(inherited)",
				);
				GCC_WARN_64_TO_32_BIT_CONVERSION = YES;
				GCC_WARN_ABOUT_RETURN_TYPE = YES_ERROR;
				GCC_WARN_UNDECLARED_SELECTOR = YES;
				GCC_WARN_UNINITIALIZED_AUTOS = YES_AGGRESSIVE;
				GCC_WARN_UNUSED_FUNCTION = YES;
				GCC_WARN_UNUSED_VARIABLE = YES;
				IPHONEOS_DEPLOYMENT_TARGET = 17.0;
				LOCALIZATION_PREFERS_STRING_CATALOGS = YES;
				MTL_ENABLE_DEBUG_INFO = INCLUDE_SOURCE;
				MTL_FAST_MATH = YES;
				ONLY_ACTIVE_ARCH = YES;
				SDKROOT = iphoneos;
				SWIFT_ACTIVE_COMPILATION_CONDITIONS = "DEBUG $(inherited)";
				SWIFT_OPTIMIZATION_LEVEL = "-Onone";
			};
			name = Debug;
		};
		9597D08C2B59E1CF0068AAEC /* Release */ = {
			isa = XCBuildConfiguration;
			buildSettings = {
				ALWAYS_SEARCH_USER_PATHS = NO;
				ASSETCATALOG_COMPILER_GENERATE_SWIFT_ASSET_SYMBOL_EXTENSIONS = YES;
				CLANG_ANALYZER_NONNULL = YES;
				CLANG_ANALYZER_NUMBER_OBJECT_CONVERSION = YES_AGGRESSIVE;
				CLANG_CXX_LANGUAGE_STANDARD = "gnu++20";
				CLANG_ENABLE_MODULES = YES;
				CLANG_ENABLE_OBJC_ARC = YES;
				CLANG_ENABLE_OBJC_WEAK = YES;
				CLANG_WARN_BLOCK_CAPTURE_AUTORELEASING = YES;
				CLANG_WARN_BOOL_CONVERSION = YES;
				CLANG_WARN_COMMA = YES;
				CLANG_WARN_CONSTANT_CONVERSION = YES;
				CLANG_WARN_DEPRECATED_OBJC_IMPLEMENTATIONS = YES;
				CLANG_WARN_DIRECT_OBJC_ISA_USAGE = YES_ERROR;
				CLANG_WARN_DOCUMENTATION_COMMENTS = YES;
				CLANG_WARN_EMPTY_BODY = YES;
				CLANG_WARN_ENUM_CONVERSION = YES;
				CLANG_WARN_INFINITE_RECURSION = YES;
				CLANG_WARN_INT_CONVERSION = YES;
				CLANG_WARN_NON_LITERAL_NULL_CONVERSION = YES;
				CLANG_WARN_OBJC_IMPLICIT_RETAIN_SELF = YES;
				CLANG_WARN_OBJC_LITERAL_CONVERSION = YES;
				CLANG_WARN_OBJC_ROOT_CLASS = YES_ERROR;
				CLANG_WARN_QUOTED_INCLUDE_IN_FRAMEWORK_HEADER = YES;
				CLANG_WARN_RANGE_LOOP_ANALYSIS = YES;
				CLANG_WARN_STRICT_PROTOTYPES = YES;
				CLANG_WARN_SUSPICIOUS_MOVE = YES;
				CLANG_WARN_UNGUARDED_AVAILABILITY = YES_AGGRESSIVE;
				CLANG_WARN_UNREACHABLE_CODE = YES;
				CLANG_WARN__DUPLICATE_METHOD_MATCH = YES;
				COPY_PHASE_STRIP = NO;
				DEBUG_INFORMATION_FORMAT = "dwarf-with-dsym";
				ENABLE_NS_ASSERTIONS = NO;
				ENABLE_STRICT_OBJC_MSGSEND = YES;
				ENABLE_USER_SCRIPT_SANDBOXING = YES;
				GCC_C_LANGUAGE_STANDARD = gnu17;
				GCC_NO_COMMON_BLOCKS = YES;
				GCC_WARN_64_TO_32_BIT_CONVERSION = YES;
				GCC_WARN_ABOUT_RETURN_TYPE = YES_ERROR;
				GCC_WARN_UNDECLARED_SELECTOR = YES;
				GCC_WARN_UNINITIALIZED_AUTOS = YES_AGGRESSIVE;
				GCC_WARN_UNUSED_FUNCTION = YES;
				GCC_WARN_UNUSED_VARIABLE = YES;
				IPHONEOS_DEPLOYMENT_TARGET = 17.0;
				LOCALIZATION_PREFERS_STRING_CATALOGS = YES;
				MTL_ENABLE_DEBUG_INFO = NO;
				MTL_FAST_MATH = YES;
				SDKROOT = iphoneos;
				SWIFT_COMPILATION_MODE = wholemodule;
				VALIDATE_PRODUCT = YES;
			};
			name = Release;
		};
		9597D08E2B59E1CF0068AAEC /* Debug */ = {
			isa = XCBuildConfiguration;
			buildSettings = {
				ASSETCATALOG_COMPILER_APPICON_NAME = AppIcon;
				ASSETCATALOG_COMPILER_GLOBAL_ACCENT_COLOR_NAME = AccentColor;
				CODE_SIGN_STYLE = Automatic;
				CURRENT_PROJECT_VERSION = 1;
				DEVELOPMENT_ASSET_PATHS = "\"BlinkChat/Preview Content\"";
				DEVELOPMENT_TEAM = D67P7TCA8R;
				ENABLE_PREVIEWS = YES;
				GENERATE_INFOPLIST_FILE = YES;
				INFOPLIST_KEY_UIApplicationSceneManifest_Generation = YES;
				INFOPLIST_KEY_UIApplicationSupportsIndirectInputEvents = YES;
				INFOPLIST_KEY_UILaunchScreen_Generation = YES;
				INFOPLIST_KEY_UISupportedInterfaceOrientations_iPad = "UIInterfaceOrientationPortrait UIInterfaceOrientationPortraitUpsideDown UIInterfaceOrientationLandscapeLeft UIInterfaceOrientationLandscapeRight";
				INFOPLIST_KEY_UISupportedInterfaceOrientations_iPhone = "UIInterfaceOrientationPortrait UIInterfaceOrientationLandscapeLeft UIInterfaceOrientationLandscapeRight";
				LD_RUNPATH_SEARCH_PATHS = (
					"$(inherited)",
					"@executable_path/Frameworks",
				);
				MARKETING_VERSION = 1.0;
				PRODUCT_BUNDLE_IDENTIFIER = com.BlinkChat;
				PRODUCT_NAME = "$(TARGET_NAME)";
				SWIFT_EMIT_LOC_STRINGS = YES;
				SWIFT_VERSION = 5.0;
				TARGETED_DEVICE_FAMILY = "1,2";
			};
			name = Debug;
		};
		9597D08F2B59E1CF0068AAEC /* Release */ = {
			isa = XCBuildConfiguration;
			buildSettings = {
				ASSETCATALOG_COMPILER_APPICON_NAME = AppIcon;
				ASSETCATALOG_COMPILER_GLOBAL_ACCENT_COLOR_NAME = AccentColor;
				CODE_SIGN_STYLE = Automatic;
				CURRENT_PROJECT_VERSION = 1;
				DEVELOPMENT_ASSET_PATHS = "\"BlinkChat/Preview Content\"";
				DEVELOPMENT_TEAM = D67P7TCA8R;
				ENABLE_PREVIEWS = YES;
				GENERATE_INFOPLIST_FILE = YES;
				INFOPLIST_KEY_UIApplicationSceneManifest_Generation = YES;
				INFOPLIST_KEY_UIApplicationSupportsIndirectInputEvents = YES;
				INFOPLIST_KEY_UILaunchScreen_Generation = YES;
				INFOPLIST_KEY_UISupportedInterfaceOrientations_iPad = "UIInterfaceOrientationPortrait UIInterfaceOrientationPortraitUpsideDown UIInterfaceOrientationLandscapeLeft UIInterfaceOrientationLandscapeRight";
				INFOPLIST_KEY_UISupportedInterfaceOrientations_iPhone = "UIInterfaceOrientationPortrait UIInterfaceOrientationLandscapeLeft UIInterfaceOrientationLandscapeRight";
				LD_RUNPATH_SEARCH_PATHS = (
					"$(inherited)",
					"@executable_path/Frameworks",
				);
				MARKETING_VERSION = 1.0;
				PRODUCT_BUNDLE_IDENTIFIER = com.BlinkChat;
				PRODUCT_NAME = "$(TARGET_NAME)";
				SWIFT_EMIT_LOC_STRINGS = YES;
				SWIFT_VERSION = 5.0;
				TARGETED_DEVICE_FAMILY = "1,2";
			};
			name = Release;
		};
/* End XCBuildConfiguration section */

/* Begin XCConfigurationList section */
		9597D07A2B59E1CE0068AAEC /* Build configuration list for PBXProject "BlinkChat" */ = {
			isa = XCConfigurationList;
			buildConfigurations = (
				9597D08B2B59E1CF0068AAEC /* Debug */,
				9597D08C2B59E1CF0068AAEC /* Release */,
			);
			defaultConfigurationIsVisible = 0;
			defaultConfigurationName = Release;
		};
		9597D08D2B59E1CF0068AAEC /* Build configuration list for PBXNativeTarget "BlinkChat" */ = {
			isa = XCConfigurationList;
			buildConfigurations = (
				9597D08E2B59E1CF0068AAEC /* Debug */,
				9597D08F2B59E1CF0068AAEC /* Release */,
			);
			defaultConfigurationIsVisible = 0;
			defaultConfigurationName = Release;
		};
/* End XCConfigurationList section */

/* Begin XCRemoteSwiftPackageReference section */
		956148372B5DE7F700F0FCD0 /* XCRemoteSwiftPackageReference "firebase-ios-sdk" */ = {
			isa = XCRemoteSwiftPackageReference;
			repositoryURL = "https://github.com/firebase/firebase-ios-sdk";
			requirement = {
				kind = upToNextMajorVersion;
				minimumVersion = 10.20.0;
			};
		};
/* End XCRemoteSwiftPackageReference section */

/* Begin XCSwiftPackageProductDependency section */
		956148382B5DE7F700F0FCD0 /* FirebaseAnalytics */ = {
			isa = XCSwiftPackageProductDependency;
			package = 956148372B5DE7F700F0FCD0 /* XCRemoteSwiftPackageReference "firebase-ios-sdk" */;
			productName = FirebaseAnalytics;
		};
		9561483A2B5DE7F700F0FCD0 /* FirebaseAnalyticsOnDeviceConversion */ = {
			isa = XCSwiftPackageProductDependency;
			package = 956148372B5DE7F700F0FCD0 /* XCRemoteSwiftPackageReference "firebase-ios-sdk" */;
			productName = FirebaseAnalyticsOnDeviceConversion;
		};
		9561483C2B5DE7F700F0FCD0 /* FirebaseAnalyticsSwift */ = {
			isa = XCSwiftPackageProductDependency;
			package = 956148372B5DE7F700F0FCD0 /* XCRemoteSwiftPackageReference "firebase-ios-sdk" */;
			productName = FirebaseAnalyticsSwift;
		};
		9561483E2B5DE7F700F0FCD0 /* FirebaseAnalyticsWithoutAdIdSupport */ = {
			isa = XCSwiftPackageProductDependency;
			package = 956148372B5DE7F700F0FCD0 /* XCRemoteSwiftPackageReference "firebase-ios-sdk" */;
			productName = FirebaseAnalyticsWithoutAdIdSupport;
		};
		956148402B5DE7F700F0FCD0 /* FirebaseAppCheck */ = {
			isa = XCSwiftPackageProductDependency;
			package = 956148372B5DE7F700F0FCD0 /* XCRemoteSwiftPackageReference "firebase-ios-sdk" */;
			productName = FirebaseAppCheck;
		};
		956148422B5DE7F700F0FCD0 /* FirebaseAppDistribution-Beta */ = {
			isa = XCSwiftPackageProductDependency;
			package = 956148372B5DE7F700F0FCD0 /* XCRemoteSwiftPackageReference "firebase-ios-sdk" */;
			productName = "FirebaseAppDistribution-Beta";
		};
		956148442B5DE7F700F0FCD0 /* FirebaseAuth */ = {
			isa = XCSwiftPackageProductDependency;
			package = 956148372B5DE7F700F0FCD0 /* XCRemoteSwiftPackageReference "firebase-ios-sdk" */;
			productName = FirebaseAuth;
		};
		956148462B5DE7F700F0FCD0 /* FirebaseAuthCombine-Community */ = {
			isa = XCSwiftPackageProductDependency;
			package = 956148372B5DE7F700F0FCD0 /* XCRemoteSwiftPackageReference "firebase-ios-sdk" */;
			productName = "FirebaseAuthCombine-Community";
		};
		956148482B5DE7F700F0FCD0 /* FirebaseCrashlytics */ = {
			isa = XCSwiftPackageProductDependency;
			package = 956148372B5DE7F700F0FCD0 /* XCRemoteSwiftPackageReference "firebase-ios-sdk" */;
			productName = FirebaseCrashlytics;
		};
		9561484A2B5DE7F700F0FCD0 /* FirebaseDatabase */ = {
			isa = XCSwiftPackageProductDependency;
			package = 956148372B5DE7F700F0FCD0 /* XCRemoteSwiftPackageReference "firebase-ios-sdk" */;
			productName = FirebaseDatabase;
		};
		9561484C2B5DE7F700F0FCD0 /* FirebaseDatabaseSwift */ = {
			isa = XCSwiftPackageProductDependency;
			package = 956148372B5DE7F700F0FCD0 /* XCRemoteSwiftPackageReference "firebase-ios-sdk" */;
			productName = FirebaseDatabaseSwift;
		};
		9561484E2B5DE7F700F0FCD0 /* FirebaseDynamicLinks */ = {
			isa = XCSwiftPackageProductDependency;
			package = 956148372B5DE7F700F0FCD0 /* XCRemoteSwiftPackageReference "firebase-ios-sdk" */;
			productName = FirebaseDynamicLinks;
		};
		956148502B5DE7F700F0FCD0 /* FirebaseFirestore */ = {
			isa = XCSwiftPackageProductDependency;
			package = 956148372B5DE7F700F0FCD0 /* XCRemoteSwiftPackageReference "firebase-ios-sdk" */;
			productName = FirebaseFirestore;
		};
		956148522B5DE7F700F0FCD0 /* FirebaseFirestoreCombine-Community */ = {
			isa = XCSwiftPackageProductDependency;
			package = 956148372B5DE7F700F0FCD0 /* XCRemoteSwiftPackageReference "firebase-ios-sdk" */;
			productName = "FirebaseFirestoreCombine-Community";
		};
		956148542B5DE7F700F0FCD0 /* FirebaseFirestoreSwift */ = {
			isa = XCSwiftPackageProductDependency;
			package = 956148372B5DE7F700F0FCD0 /* XCRemoteSwiftPackageReference "firebase-ios-sdk" */;
			productName = FirebaseFirestoreSwift;
		};
		956148562B5DE7F700F0FCD0 /* FirebaseFunctions */ = {
			isa = XCSwiftPackageProductDependency;
			package = 956148372B5DE7F700F0FCD0 /* XCRemoteSwiftPackageReference "firebase-ios-sdk" */;
			productName = FirebaseFunctions;
		};
		956148582B5DE7F700F0FCD0 /* FirebaseFunctionsCombine-Community */ = {
			isa = XCSwiftPackageProductDependency;
			package = 956148372B5DE7F700F0FCD0 /* XCRemoteSwiftPackageReference "firebase-ios-sdk" */;
			productName = "FirebaseFunctionsCombine-Community";
		};
		9561485A2B5DE7F700F0FCD0 /* FirebaseInAppMessaging-Beta */ = {
			isa = XCSwiftPackageProductDependency;
			package = 956148372B5DE7F700F0FCD0 /* XCRemoteSwiftPackageReference "firebase-ios-sdk" */;
			productName = "FirebaseInAppMessaging-Beta";
		};
		9561485C2B5DE7F700F0FCD0 /* FirebaseInAppMessagingSwift-Beta */ = {
			isa = XCSwiftPackageProductDependency;
			package = 956148372B5DE7F700F0FCD0 /* XCRemoteSwiftPackageReference "firebase-ios-sdk" */;
			productName = "FirebaseInAppMessagingSwift-Beta";
		};
		9561485E2B5DE7F700F0FCD0 /* FirebaseInstallations */ = {
			isa = XCSwiftPackageProductDependency;
			package = 956148372B5DE7F700F0FCD0 /* XCRemoteSwiftPackageReference "firebase-ios-sdk" */;
			productName = FirebaseInstallations;
		};
		956148602B5DE7F700F0FCD0 /* FirebaseMLModelDownloader */ = {
			isa = XCSwiftPackageProductDependency;
			package = 956148372B5DE7F700F0FCD0 /* XCRemoteSwiftPackageReference "firebase-ios-sdk" */;
			productName = FirebaseMLModelDownloader;
		};
		956148622B5DE7F700F0FCD0 /* FirebaseMessaging */ = {
			isa = XCSwiftPackageProductDependency;
			package = 956148372B5DE7F700F0FCD0 /* XCRemoteSwiftPackageReference "firebase-ios-sdk" */;
			productName = FirebaseMessaging;
		};
		956148642B5DE7F700F0FCD0 /* FirebasePerformance */ = {
			isa = XCSwiftPackageProductDependency;
			package = 956148372B5DE7F700F0FCD0 /* XCRemoteSwiftPackageReference "firebase-ios-sdk" */;
			productName = FirebasePerformance;
		};
		956148662B5DE7F700F0FCD0 /* FirebaseRemoteConfig */ = {
			isa = XCSwiftPackageProductDependency;
			package = 956148372B5DE7F700F0FCD0 /* XCRemoteSwiftPackageReference "firebase-ios-sdk" */;
			productName = FirebaseRemoteConfig;
		};
		956148682B5DE7F700F0FCD0 /* FirebaseRemoteConfigSwift */ = {
			isa = XCSwiftPackageProductDependency;
			package = 956148372B5DE7F700F0FCD0 /* XCRemoteSwiftPackageReference "firebase-ios-sdk" */;
			productName = FirebaseRemoteConfigSwift;
		};
		9561486A2B5DE7F700F0FCD0 /* FirebaseStorage */ = {
			isa = XCSwiftPackageProductDependency;
			package = 956148372B5DE7F700F0FCD0 /* XCRemoteSwiftPackageReference "firebase-ios-sdk" */;
			productName = FirebaseStorage;
		};
		9561486C2B5DE7F700F0FCD0 /* FirebaseStorageCombine-Community */ = {
			isa = XCSwiftPackageProductDependency;
			package = 956148372B5DE7F700F0FCD0 /* XCRemoteSwiftPackageReference "firebase-ios-sdk" */;
			productName = "FirebaseStorageCombine-Community";
		};
		9561486E2B5DE84800F0FCD0 /* FirebaseAnalytics */ = {
			isa = XCSwiftPackageProductDependency;
			package = 956148372B5DE7F700F0FCD0 /* XCRemoteSwiftPackageReference "firebase-ios-sdk" */;
			productName = FirebaseAnalytics;
		};
		956148702B5DE84800F0FCD0 /* FirebaseAnalyticsOnDeviceConversion */ = {
			isa = XCSwiftPackageProductDependency;
			package = 956148372B5DE7F700F0FCD0 /* XCRemoteSwiftPackageReference "firebase-ios-sdk" */;
			productName = FirebaseAnalyticsOnDeviceConversion;
		};
		956148722B5DE84800F0FCD0 /* FirebaseAnalyticsSwift */ = {
			isa = XCSwiftPackageProductDependency;
			package = 956148372B5DE7F700F0FCD0 /* XCRemoteSwiftPackageReference "firebase-ios-sdk" */;
			productName = FirebaseAnalyticsSwift;
		};
		956148742B5DE84800F0FCD0 /* FirebaseAnalyticsWithoutAdIdSupport */ = {
			isa = XCSwiftPackageProductDependency;
			package = 956148372B5DE7F700F0FCD0 /* XCRemoteSwiftPackageReference "firebase-ios-sdk" */;
			productName = FirebaseAnalyticsWithoutAdIdSupport;
		};
		956148762B5DE84800F0FCD0 /* FirebaseAppCheck */ = {
			isa = XCSwiftPackageProductDependency;
			package = 956148372B5DE7F700F0FCD0 /* XCRemoteSwiftPackageReference "firebase-ios-sdk" */;
			productName = FirebaseAppCheck;
		};
		956148782B5DE84800F0FCD0 /* FirebaseAppDistribution-Beta */ = {
			isa = XCSwiftPackageProductDependency;
			package = 956148372B5DE7F700F0FCD0 /* XCRemoteSwiftPackageReference "firebase-ios-sdk" */;
			productName = "FirebaseAppDistribution-Beta";
		};
		9561487A2B5DE84800F0FCD0 /* FirebaseAuth */ = {
			isa = XCSwiftPackageProductDependency;
			package = 956148372B5DE7F700F0FCD0 /* XCRemoteSwiftPackageReference "firebase-ios-sdk" */;
			productName = FirebaseAuth;
		};
		9561487C2B5DE84800F0FCD0 /* FirebaseAuthCombine-Community */ = {
			isa = XCSwiftPackageProductDependency;
			package = 956148372B5DE7F700F0FCD0 /* XCRemoteSwiftPackageReference "firebase-ios-sdk" */;
			productName = "FirebaseAuthCombine-Community";
		};
		9561487E2B5DE84800F0FCD0 /* FirebaseCrashlytics */ = {
			isa = XCSwiftPackageProductDependency;
			package = 956148372B5DE7F700F0FCD0 /* XCRemoteSwiftPackageReference "firebase-ios-sdk" */;
			productName = FirebaseCrashlytics;
		};
		956148802B5DE84800F0FCD0 /* FirebaseDatabase */ = {
			isa = XCSwiftPackageProductDependency;
			package = 956148372B5DE7F700F0FCD0 /* XCRemoteSwiftPackageReference "firebase-ios-sdk" */;
			productName = FirebaseDatabase;
		};
		956148822B5DE84800F0FCD0 /* FirebaseDatabaseSwift */ = {
			isa = XCSwiftPackageProductDependency;
			package = 956148372B5DE7F700F0FCD0 /* XCRemoteSwiftPackageReference "firebase-ios-sdk" */;
			productName = FirebaseDatabaseSwift;
		};
		956148842B5DE84800F0FCD0 /* FirebaseDynamicLinks */ = {
			isa = XCSwiftPackageProductDependency;
			package = 956148372B5DE7F700F0FCD0 /* XCRemoteSwiftPackageReference "firebase-ios-sdk" */;
			productName = FirebaseDynamicLinks;
		};
		956148862B5DE84800F0FCD0 /* FirebaseFirestore */ = {
			isa = XCSwiftPackageProductDependency;
			package = 956148372B5DE7F700F0FCD0 /* XCRemoteSwiftPackageReference "firebase-ios-sdk" */;
			productName = FirebaseFirestore;
		};
		956148882B5DE84800F0FCD0 /* FirebaseFirestoreCombine-Community */ = {
			isa = XCSwiftPackageProductDependency;
			package = 956148372B5DE7F700F0FCD0 /* XCRemoteSwiftPackageReference "firebase-ios-sdk" */;
			productName = "FirebaseFirestoreCombine-Community";
		};
		9561488A2B5DE84800F0FCD0 /* FirebaseFirestoreSwift */ = {
			isa = XCSwiftPackageProductDependency;
			package = 956148372B5DE7F700F0FCD0 /* XCRemoteSwiftPackageReference "firebase-ios-sdk" */;
			productName = FirebaseFirestoreSwift;
		};
		9561488C2B5DE84800F0FCD0 /* FirebaseFunctions */ = {
			isa = XCSwiftPackageProductDependency;
			package = 956148372B5DE7F700F0FCD0 /* XCRemoteSwiftPackageReference "firebase-ios-sdk" */;
			productName = FirebaseFunctions;
		};
		9561488E2B5DE84800F0FCD0 /* FirebaseFunctionsCombine-Community */ = {
			isa = XCSwiftPackageProductDependency;
			package = 956148372B5DE7F700F0FCD0 /* XCRemoteSwiftPackageReference "firebase-ios-sdk" */;
			productName = "FirebaseFunctionsCombine-Community";
		};
		956148902B5DE84800F0FCD0 /* FirebaseInAppMessaging-Beta */ = {
			isa = XCSwiftPackageProductDependency;
			package = 956148372B5DE7F700F0FCD0 /* XCRemoteSwiftPackageReference "firebase-ios-sdk" */;
			productName = "FirebaseInAppMessaging-Beta";
		};
		956148922B5DE84800F0FCD0 /* FirebaseInAppMessagingSwift-Beta */ = {
			isa = XCSwiftPackageProductDependency;
			package = 956148372B5DE7F700F0FCD0 /* XCRemoteSwiftPackageReference "firebase-ios-sdk" */;
			productName = "FirebaseInAppMessagingSwift-Beta";
		};
		956148942B5DE84800F0FCD0 /* FirebaseInstallations */ = {
			isa = XCSwiftPackageProductDependency;
			package = 956148372B5DE7F700F0FCD0 /* XCRemoteSwiftPackageReference "firebase-ios-sdk" */;
			productName = FirebaseInstallations;
		};
		956148962B5DE84800F0FCD0 /* FirebaseMLModelDownloader */ = {
			isa = XCSwiftPackageProductDependency;
			package = 956148372B5DE7F700F0FCD0 /* XCRemoteSwiftPackageReference "firebase-ios-sdk" */;
			productName = FirebaseMLModelDownloader;
		};
		956148982B5DE84800F0FCD0 /* FirebaseMessaging */ = {
			isa = XCSwiftPackageProductDependency;
			package = 956148372B5DE7F700F0FCD0 /* XCRemoteSwiftPackageReference "firebase-ios-sdk" */;
			productName = FirebaseMessaging;
		};
		9561489A2B5DE84800F0FCD0 /* FirebasePerformance */ = {
			isa = XCSwiftPackageProductDependency;
			package = 956148372B5DE7F700F0FCD0 /* XCRemoteSwiftPackageReference "firebase-ios-sdk" */;
			productName = FirebasePerformance;
		};
		9561489C2B5DE84800F0FCD0 /* FirebaseRemoteConfig */ = {
			isa = XCSwiftPackageProductDependency;
			package = 956148372B5DE7F700F0FCD0 /* XCRemoteSwiftPackageReference "firebase-ios-sdk" */;
			productName = FirebaseRemoteConfig;
		};
		9561489E2B5DE84800F0FCD0 /* FirebaseRemoteConfigSwift */ = {
			isa = XCSwiftPackageProductDependency;
			package = 956148372B5DE7F700F0FCD0 /* XCRemoteSwiftPackageReference "firebase-ios-sdk" */;
			productName = FirebaseRemoteConfigSwift;
		};
		956148A02B5DE84800F0FCD0 /* FirebaseStorage */ = {
			isa = XCSwiftPackageProductDependency;
			package = 956148372B5DE7F700F0FCD0 /* XCRemoteSwiftPackageReference "firebase-ios-sdk" */;
			productName = FirebaseStorage;
		};
		956148A22B5DE84800F0FCD0 /* FirebaseStorageCombine-Community */ = {
			isa = XCSwiftPackageProductDependency;
			package = 956148372B5DE7F700F0FCD0 /* XCRemoteSwiftPackageReference "firebase-ios-sdk" */;
			productName = "FirebaseStorageCombine-Community";
		};
/* End XCSwiftPackageProductDependency section */
	};
	rootObject = 9597D0772B59E1CE0068AAEC /* Project object */;
}
